
Microsoft Visual Studio Solution File, Format Version 12.00
# Visual Studio Version 17
VisualStudioVersion = 17.0.32014.148
MinimumVisualStudioVersion = 10.0.40219.1
Project("{8BC9CEB8-8B4A-11D0-8D11-00A0C91BC942}") = "mscript-lib", "mscript-lib\mscript-lib.vcxproj", "{BFAB6023-E2F9-4B7D-9384-5090E1034092}"
	ProjectSection(ProjectDependencies) = postProject
		{415BC572-48CB-4FB1-8090-B49C172EADD7} = {415BC572-48CB-4FB1-8090-B49C172EADD7}
	EndProjectSection
EndProject
Project("{8BC9CEB8-8B4A-11D0-8D11-00A0C91BC942}") = "mscript-core", "mscript-core\mscript-core.vcxproj", "{415BC572-48CB-4FB1-8090-B49C172EADD7}"
EndProject
Project("{8BC9CEB8-8B4A-11D0-8D11-00A0C91BC942}") = "mscript-exe", "mscript-exe\mscript-exe.vcxproj", "{17F11CE7-E2D8-44D5-83CC-700FDDD4A2C6}"
	ProjectSection(ProjectDependencies) = postProject
		{BFAB6023-E2F9-4B7D-9384-5090E1034092} = {BFAB6023-E2F9-4B7D-9384-5090E1034092}
		{0EBB352C-066A-45FC-B56C-5165B0307B33} = {0EBB352C-066A-45FC-B56C-5165B0307B33}
		{415BC572-48CB-4FB1-8090-B49C172EADD7} = {415BC572-48CB-4FB1-8090-B49C172EADD7}
		{24D37482-9533-4171-81B4-63FDAE5EDBA8} = {24D37482-9533-4171-81B4-63FDAE5EDBA8}
		{AD48EB8B-6DB3-4CB9-A7A5-CD55DC25797C} = {AD48EB8B-6DB3-4CB9-A7A5-CD55DC25797C}
		{C1C32BB4-3C03-4193-A28A-0DBCC9C01EE0} = {C1C32BB4-3C03-4193-A28A-0DBCC9C01EE0}
	EndProjectSection
EndProject
Project("{8BC9CEB8-8B4A-11D0-8D11-00A0C91BC942}") = "mscript-test-scripts-runner", "mscript-test-scripts-runner\mscript-test-scripts-runner.vcxproj", "{881C0C88-35E1-40D4-A578-0660652E9F9D}"
	ProjectSection(ProjectDependencies) = postProject
		{BFAB6023-E2F9-4B7D-9384-5090E1034092} = {BFAB6023-E2F9-4B7D-9384-5090E1034092}
		{0EBB352C-066A-45FC-B56C-5165B0307B33} = {0EBB352C-066A-45FC-B56C-5165B0307B33}
		{415BC572-48CB-4FB1-8090-B49C172EADD7} = {415BC572-48CB-4FB1-8090-B49C172EADD7}
		{24D37482-9533-4171-81B4-63FDAE5EDBA8} = {24D37482-9533-4171-81B4-63FDAE5EDBA8}
		{AD48EB8B-6DB3-4CB9-A7A5-CD55DC25797C} = {AD48EB8B-6DB3-4CB9-A7A5-CD55DC25797C}
		{C1C32BB4-3C03-4193-A28A-0DBCC9C01EE0} = {C1C32BB4-3C03-4193-A28A-0DBCC9C01EE0}
	EndProjectSection
EndProject
Project("{8BC9CEB8-8B4A-11D0-8D11-00A0C91BC942}") = "mscript-unit-tests", "mscript-unit-tests\mscript-unit-tests.vcxproj", "{97FDF0D2-0CE8-42BC-A00F-AA91EEAC29F4}"
	ProjectSection(ProjectDependencies) = postProject
		{BFAB6023-E2F9-4B7D-9384-5090E1034092} = {BFAB6023-E2F9-4B7D-9384-5090E1034092}
		{415BC572-48CB-4FB1-8090-B49C172EADD7} = {415BC572-48CB-4FB1-8090-B49C172EADD7}
	EndProjectSection
EndProject
Project("{2150E333-8FDC-42A3-9474-1A3956D46DE8}") = "dlls", "dlls", "{FB332738-7641-4B17-8D54-A7B321898B84}"
EndProject
Project("{8BC9CEB8-8B4A-11D0-8D11-00A0C91BC942}") = "mscript-registry", "dlls\mscript-registry\mscript-registry.vcxproj", "{0EBB352C-066A-45FC-B56C-5165B0307B33}"
	ProjectSection(ProjectDependencies) = postProject
		{415BC572-48CB-4FB1-8090-B49C172EADD7} = {415BC572-48CB-4FB1-8090-B49C172EADD7}
	EndProjectSection
EndProject
Project("{8BC9CEB8-8B4A-11D0-8D11-00A0C91BC942}") = "mscript-sample", "dlls\mscript-sample\mscript-sample.vcxproj", "{24D37482-9533-4171-81B4-63FDAE5EDBA8}"
	ProjectSection(ProjectDependencies) = postProject
		{415BC572-48CB-4FB1-8090-B49C172EADD7} = {415BC572-48CB-4FB1-8090-B49C172EADD7}
	EndProjectSection
EndProject
Project("{8BC9CEB8-8B4A-11D0-8D11-00A0C91BC942}") = "mscript-timestamp", "dlls\mscript-timestamp\mscript-timestamp.vcxproj", "{AD48EB8B-6DB3-4CB9-A7A5-CD55DC25797C}"
	ProjectSection(ProjectDependencies) = postProject
		{415BC572-48CB-4FB1-8090-B49C172EADD7} = {415BC572-48CB-4FB1-8090-B49C172EADD7}
	EndProjectSection
EndProject
Project("{8BC9CEB8-8B4A-11D0-8D11-00A0C91BC942}") = "mscript-log", "dlls\mscript-log\mscript-log.vcxproj", "{C1C32BB4-3C03-4193-A28A-0DBCC9C01EE0}"
	ProjectSection(ProjectDependencies) = postProject
		{415BC572-48CB-4FB1-8090-B49C172EADD7} = {415BC572-48CB-4FB1-8090-B49C172EADD7}
	EndProjectSection
EndProject
Project("{8BC9CEB8-8B4A-11D0-8D11-00A0C91BC942}") = "4db", "..\4db\4db\4db.vcxproj", "{262DC6DB-1B57-4A74-A467-F01454A3C19B}"
EndProject
Project("{8BC9CEB8-8B4A-11D0-8D11-00A0C91BC942}") = "mscript-db", "dlls\mscript-db\mscript-db.vcxproj", "{FC7928FF-CE58-4C8F-B445-522ED9988386}"
	ProjectSection(ProjectDependencies) = postProject
		{415BC572-48CB-4FB1-8090-B49C172EADD7} = {415BC572-48CB-4FB1-8090-B49C172EADD7}
		{262DC6DB-1B57-4A74-A467-F01454A3C19B} = {262DC6DB-1B57-4A74-A467-F01454A3C19B}
	EndProjectSection
EndProject
Global
	GlobalSection(SolutionConfigurationPlatforms) = preSolution
		Debug|x64 = Debug|x64
		Debug|x86 = Debug|x86
		Release|x64 = Release|x64
		Release|x86 = Release|x86
	EndGlobalSection
	GlobalSection(ProjectConfigurationPlatforms) = postSolution
		{BFAB6023-E2F9-4B7D-9384-5090E1034092}.Debug|x64.ActiveCfg = Debug|x64
		{BFAB6023-E2F9-4B7D-9384-5090E1034092}.Debug|x64.Build.0 = Debug|x64
		{BFAB6023-E2F9-4B7D-9384-5090E1034092}.Debug|x86.ActiveCfg = Debug|Win32
		{BFAB6023-E2F9-4B7D-9384-5090E1034092}.Debug|x86.Build.0 = Debug|Win32
		{BFAB6023-E2F9-4B7D-9384-5090E1034092}.Release|x64.ActiveCfg = Release|x64
		{BFAB6023-E2F9-4B7D-9384-5090E1034092}.Release|x64.Build.0 = Release|x64
		{BFAB6023-E2F9-4B7D-9384-5090E1034092}.Release|x86.ActiveCfg = Release|Win32
		{BFAB6023-E2F9-4B7D-9384-5090E1034092}.Release|x86.Build.0 = Release|Win32
		{415BC572-48CB-4FB1-8090-B49C172EADD7}.Debug|x64.ActiveCfg = Debug|x64
		{415BC572-48CB-4FB1-8090-B49C172EADD7}.Debug|x64.Build.0 = Debug|x64
		{415BC572-48CB-4FB1-8090-B49C172EADD7}.Debug|x86.ActiveCfg = Debug|Win32
		{415BC572-48CB-4FB1-8090-B49C172EADD7}.Debug|x86.Build.0 = Debug|Win32
		{415BC572-48CB-4FB1-8090-B49C172EADD7}.Release|x64.ActiveCfg = Release|x64
		{415BC572-48CB-4FB1-8090-B49C172EADD7}.Release|x64.Build.0 = Release|x64
		{415BC572-48CB-4FB1-8090-B49C172EADD7}.Release|x86.ActiveCfg = Release|Win32
		{415BC572-48CB-4FB1-8090-B49C172EADD7}.Release|x86.Build.0 = Release|Win32
		{17F11CE7-E2D8-44D5-83CC-700FDDD4A2C6}.Debug|x64.ActiveCfg = Debug|x64
		{17F11CE7-E2D8-44D5-83CC-700FDDD4A2C6}.Debug|x64.Build.0 = Debug|x64
		{17F11CE7-E2D8-44D5-83CC-700FDDD4A2C6}.Debug|x86.ActiveCfg = Debug|Win32
		{17F11CE7-E2D8-44D5-83CC-700FDDD4A2C6}.Debug|x86.Build.0 = Debug|Win32
		{17F11CE7-E2D8-44D5-83CC-700FDDD4A2C6}.Release|x64.ActiveCfg = Release|x64
		{17F11CE7-E2D8-44D5-83CC-700FDDD4A2C6}.Release|x64.Build.0 = Release|x64
		{17F11CE7-E2D8-44D5-83CC-700FDDD4A2C6}.Release|x86.ActiveCfg = Release|Win32
		{17F11CE7-E2D8-44D5-83CC-700FDDD4A2C6}.Release|x86.Build.0 = Release|Win32
		{881C0C88-35E1-40D4-A578-0660652E9F9D}.Debug|x64.ActiveCfg = Debug|x64
		{881C0C88-35E1-40D4-A578-0660652E9F9D}.Debug|x64.Build.0 = Debug|x64
		{881C0C88-35E1-40D4-A578-0660652E9F9D}.Debug|x86.ActiveCfg = Debug|Win32
		{881C0C88-35E1-40D4-A578-0660652E9F9D}.Debug|x86.Build.0 = Debug|Win32
		{881C0C88-35E1-40D4-A578-0660652E9F9D}.Release|x64.ActiveCfg = Release|x64
		{881C0C88-35E1-40D4-A578-0660652E9F9D}.Release|x64.Build.0 = Release|x64
		{881C0C88-35E1-40D4-A578-0660652E9F9D}.Release|x86.ActiveCfg = Release|Win32
		{881C0C88-35E1-40D4-A578-0660652E9F9D}.Release|x86.Build.0 = Release|Win32
		{97FDF0D2-0CE8-42BC-A00F-AA91EEAC29F4}.Debug|x64.ActiveCfg = Debug|x64
		{97FDF0D2-0CE8-42BC-A00F-AA91EEAC29F4}.Debug|x64.Build.0 = Debug|x64
		{97FDF0D2-0CE8-42BC-A00F-AA91EEAC29F4}.Debug|x86.ActiveCfg = Debug|Win32
		{97FDF0D2-0CE8-42BC-A00F-AA91EEAC29F4}.Debug|x86.Build.0 = Debug|Win32
		{97FDF0D2-0CE8-42BC-A00F-AA91EEAC29F4}.Release|x64.ActiveCfg = Release|x64
		{97FDF0D2-0CE8-42BC-A00F-AA91EEAC29F4}.Release|x64.Build.0 = Release|x64
		{97FDF0D2-0CE8-42BC-A00F-AA91EEAC29F4}.Release|x86.ActiveCfg = Release|Win32
		{97FDF0D2-0CE8-42BC-A00F-AA91EEAC29F4}.Release|x86.Build.0 = Release|Win32
		{0EBB352C-066A-45FC-B56C-5165B0307B33}.Debug|x64.ActiveCfg = Debug|x64
		{0EBB352C-066A-45FC-B56C-5165B0307B33}.Debug|x64.Build.0 = Debug|x64
		{0EBB352C-066A-45FC-B56C-5165B0307B33}.Debug|x86.ActiveCfg = Debug|Win32
		{0EBB352C-066A-45FC-B56C-5165B0307B33}.Debug|x86.Build.0 = Debug|Win32
		{0EBB352C-066A-45FC-B56C-5165B0307B33}.Release|x64.ActiveCfg = Release|x64
		{0EBB352C-066A-45FC-B56C-5165B0307B33}.Release|x64.Build.0 = Release|x64
		{0EBB352C-066A-45FC-B56C-5165B0307B33}.Release|x86.ActiveCfg = Release|Win32
		{0EBB352C-066A-45FC-B56C-5165B0307B33}.Release|x86.Build.0 = Release|Win32
		{24D37482-9533-4171-81B4-63FDAE5EDBA8}.Debug|x64.ActiveCfg = Debug|x64
		{24D37482-9533-4171-81B4-63FDAE5EDBA8}.Debug|x64.Build.0 = Debug|x64
		{24D37482-9533-4171-81B4-63FDAE5EDBA8}.Debug|x86.ActiveCfg = Debug|Win32
		{24D37482-9533-4171-81B4-63FDAE5EDBA8}.Debug|x86.Build.0 = Debug|Win32
		{24D37482-9533-4171-81B4-63FDAE5EDBA8}.Release|x64.ActiveCfg = Release|x64
		{24D37482-9533-4171-81B4-63FDAE5EDBA8}.Release|x64.Build.0 = Release|x64
		{24D37482-9533-4171-81B4-63FDAE5EDBA8}.Release|x86.ActiveCfg = Release|Win32
		{24D37482-9533-4171-81B4-63FDAE5EDBA8}.Release|x86.Build.0 = Release|Win32
		{AD48EB8B-6DB3-4CB9-A7A5-CD55DC25797C}.Debug|x64.ActiveCfg = Debug|x64
		{AD48EB8B-6DB3-4CB9-A7A5-CD55DC25797C}.Debug|x64.Build.0 = Debug|x64
		{AD48EB8B-6DB3-4CB9-A7A5-CD55DC25797C}.Debug|x86.ActiveCfg = Debug|Win32
		{AD48EB8B-6DB3-4CB9-A7A5-CD55DC25797C}.Debug|x86.Build.0 = Debug|Win32
		{AD48EB8B-6DB3-4CB9-A7A5-CD55DC25797C}.Release|x64.ActiveCfg = Release|x64
		{AD48EB8B-6DB3-4CB9-A7A5-CD55DC25797C}.Release|x64.Build.0 = Release|x64
		{AD48EB8B-6DB3-4CB9-A7A5-CD55DC25797C}.Release|x86.ActiveCfg = Release|Win32
		{AD48EB8B-6DB3-4CB9-A7A5-CD55DC25797C}.Release|x86.Build.0 = Release|Win32
		{C1C32BB4-3C03-4193-A28A-0DBCC9C01EE0}.Debug|x64.ActiveCfg = Debug|x64
		{C1C32BB4-3C03-4193-A28A-0DBCC9C01EE0}.Debug|x64.Build.0 = Debug|x64
		{C1C32BB4-3C03-4193-A28A-0DBCC9C01EE0}.Debug|x86.ActiveCfg = Debug|Win32
		{C1C32BB4-3C03-4193-A28A-0DBCC9C01EE0}.Debug|x86.Build.0 = Debug|Win32
		{C1C32BB4-3C03-4193-A28A-0DBCC9C01EE0}.Release|x64.ActiveCfg = Release|x64
		{C1C32BB4-3C03-4193-A28A-0DBCC9C01EE0}.Release|x64.Build.0 = Release|x64
		{C1C32BB4-3C03-4193-A28A-0DBCC9C01EE0}.Release|x86.ActiveCfg = Release|Win32
		{C1C32BB4-3C03-4193-A28A-0DBCC9C01EE0}.Release|x86.Build.0 = Release|Win32
		{262DC6DB-1B57-4A74-A467-F01454A3C19B}.Debug|x64.ActiveCfg = Debug|x64
		{262DC6DB-1B57-4A74-A467-F01454A3C19B}.Debug|x64.Build.0 = Debug|x64
		{262DC6DB-1B57-4A74-A467-F01454A3C19B}.Debug|x86.ActiveCfg = Debug|Win32
		{262DC6DB-1B57-4A74-A467-F01454A3C19B}.Debug|x86.Build.0 = Debug|Win32
		{262DC6DB-1B57-4A74-A467-F01454A3C19B}.Release|x64.ActiveCfg = Release|x64
		{262DC6DB-1B57-4A74-A467-F01454A3C19B}.Release|x64.Build.0 = Release|x64
		{262DC6DB-1B57-4A74-A467-F01454A3C19B}.Release|x86.ActiveCfg = Release|Win32
		{262DC6DB-1B57-4A74-A467-F01454A3C19B}.Release|x86.Build.0 = Release|Win32
		{FC7928FF-CE58-4C8F-B445-522ED9988386}.Debug|x64.ActiveCfg = Debug|x64
		{FC7928FF-CE58-4C8F-B445-522ED9988386}.Debug|x64.Build.0 = Debug|x64
		{FC7928FF-CE58-4C8F-B445-522ED9988386}.Debug|x86.ActiveCfg = Debug|Win32
		{FC7928FF-CE58-4C8F-B445-522ED9988386}.Debug|x86.Build.0 = Debug|Win32
		{FC7928FF-CE58-4C8F-B445-522ED9988386}.Release|x64.ActiveCfg = Release|x64
		{FC7928FF-CE58-4C8F-B445-522ED9988386}.Release|x64.Build.0 = Release|x64
		{FC7928FF-CE58-4C8F-B445-522ED9988386}.Release|x86.ActiveCfg = Release|Win32
		{FC7928FF-CE58-4C8F-B445-522ED9988386}.Release|x86.Build.0 = Release|Win32
	EndGlobalSection
	GlobalSection(SolutionProperties) = preSolution
		HideSolutionNode = FALSE
	EndGlobalSection
	GlobalSection(NestedProjects) = preSolution
		{0EBB352C-066A-45FC-B56C-5165B0307B33} = {FB332738-7641-4B17-8D54-A7B321898B84}
		{24D37482-9533-4171-81B4-63FDAE5EDBA8} = {FB332738-7641-4B17-8D54-A7B321898B84}
		{AD48EB8B-6DB3-4CB9-A7A5-CD55DC25797C} = {FB332738-7641-4B17-8D54-A7B321898B84}
		{C1C32BB4-3C03-4193-A28A-0DBCC9C01EE0} = {FB332738-7641-4B17-8D54-A7B321898B84}
		{262DC6DB-1B57-4A74-A467-F01454A3C19B} = {FB332738-7641-4B17-8D54-A7B321898B84}
		{FC7928FF-CE58-4C8F-B445-522ED9988386} = {FB332738-7641-4B17-8D54-A7B321898B84}
	EndGlobalSection
	GlobalSection(ExtensibilityGlobals) = postSolution
		SolutionGuid = {9839074C-9EBF-4B66-B9A9-4AB9F8FD3188}
	EndGlobalSection
EndGlobal
